
Microsoft Visual Studio Solution File, Format Version 12.00
# Visual Studio 15
VisualStudioVersion = 15.0.27130.2027
MinimumVisualStudioVersion = 10.0.40219.1
Project("{FAE04EC0-301F-11D3-BF4B-00C04F79EFBC}") = "SpaceXNeuralNetwork", "SpaceXNeuralNetwork\SpaceXNeuralNetwork.csproj", "{817E4547-B704-4D78-91C6-103F65938CE0}"
EndProject
Global
	GlobalSection(SolutionConfigurationPlatforms) = preSolution
		Debug|Any CPU = Debug|Any CPU
		Release|Any CPU = Release|Any CPU
	EndGlobalSection
	GlobalSection(ProjectConfigurationPlatforms) = postSolution
		{817E4547-B704-4D78-91C6-103F65938CE0}.Debug|Any CPU.ActiveCfg = Debug|Any CPU
		{817E4547-B704-4D78-91C6-103F65938CE0}.Debug|Any CPU.Build.0 = Debug|Any CPU
		{817E4547-B704-4D78-91C6-103F65938CE0}.Release|Any CPU.ActiveCfg = Release|Any CPU
		{817E4547-B704-4D78-91C6-103F65938CE0}.Release|Any CPU.Build.0 = Release|Any CPU
	EndGlobalSection
	GlobalSection(SolutionProperties) = preSolution
		HideSolutionNode = FALSE
	EndGlobalSection
	GlobalSection(ExtensibilityGlobals) = postSolution
		SolutionGuid = {7C745C55-D7D4-421C-B5DE-2FD6F5A2DE34}
	EndGlobalSection
EndGlobal
